<?xml version="1.0" encoding="utf-8"?>
<Project ToolsVersion="4.0" xmlns="http://schemas.microsoft.com/developer/msbuild/2003">
  <ItemGroup>
    <Filter Include="Source Files">
      <UniqueIdentifier>{4FC737F1-C7A5-4376-A066-2A32D752A2FF}</UniqueIdentifier>
      <Extensions>cpp;c;cc;cxx;def;odl;idl;hpj;bat;asm;asmx</Extensions>
    </Filter>
    <Filter Include="Header Files">
      <UniqueIdentifier>{93995380-89BD-4b04-88EB-625FBE52EBFB}</UniqueIdentifier>
      <Extensions>h;hpp;hxx;hm;inl;inc;xsd</Extensions>
    </Filter>
    <Filter Include="Header Files\public">
      <UniqueIdentifier>{3003d71b-49bc-4b75-b1e8-5d5ff5da87b7}</UniqueIdentifier>
    </Filter>
  </ItemGroup>
  <ItemGroup>
    <ClCompile Include="src\convert.cpp">
      <Filter>Source Files</Filter>
    </ClCompile>
    <ClCompile Include="src\math.cpp">
      <Filter>Source Files</Filter>
    </ClCompile>
    <ClCompile Include="src\StdAfx.cpp">
      <Filter>Source Files</Filter>
    </ClCompile>
    <ClCompile Include="src\DebugDrawer.cpp">
      <Filter>Source Files</Filter>
    </ClCompile>
    <ClCompile Include="src\Physics.cpp">
      <Filter>Source Files</Filter>
    </ClCompile>
    <ClCompile Include="src\Physics_Collision.cpp">
      <Filter>Source Files</Filter>
    </ClCompile>
    <ClCompile Include="src\Physics_CollisionSet.cpp">
      <Filter>Source Files</Filter>
    </ClCompile>
    <ClCompile Include="src\Physics_Constraint.cpp">
      <Filter>Source Files</Filter>
    </ClCompile>
    <ClCompile Include="src\Physics_DragController.cpp">
      <Filter>Source Files</Filter>
    </ClCompile>
    <ClCompile Include="src\Physics_Environment.cpp">
      <Filter>Source Files</Filter>
    </ClCompile>
    <ClCompile Include="src\Physics_FluidController.cpp">
      <Filter>Source Files</Filter>
    </ClCompile>
    <ClCompile Include="src\Physics_FrictionSnapshot.cpp">
      <Filter>Source Files</Filter>
    </ClCompile>
    <ClCompile Include="src\Physics_KeyParser.cpp">
      <Filter>Source Files</Filter>
    </ClCompile>
    <ClCompile Include="src\Physics_MotionController.cpp">
      <Filter>Source Files</Filter>
    </ClCompile>
    <ClCompile Include="src\Physics_Object.cpp">
      <Filter>Source Files</Filter>
    </ClCompile>
    <ClCompile Include="src\Physics_ObjectPairHash.cpp">
      <Filter>Source Files</Filter>
    </ClCompile>
    <ClCompile Include="src\Physics_SurfaceProps.cpp">
      <Filter>Source Files</Filter>
    </ClCompile>
    <ClCompile Include="src\Physics_VehicleController.cpp">
      <Filter>Source Files</Filter>
    </ClCompile>
    <ClCompile Include="src\Physics_PlayerController.cpp">
      <Filter>Source Files</Filter>
    </ClCompile>
    <ClCompile Include="src\Physics_ShadowController.cpp">
      <Filter>Source Files</Filter>
    </ClCompile>
    <ClCompile Include="src\Physics_SoftBody.cpp">
      <Filter>Source Files</Filter>
    </ClCompile>
  </ItemGroup>
  <ItemGroup>
    <ClInclude Include="src\convert.h">
      <Filter>Header Files</Filter>
    </ClInclude>
    <ClInclude Include="src\IController.h">
      <Filter>Header Files</Filter>
    </ClInclude>
    <ClInclude Include="src\math.h">
      <Filter>Header Files</Filter>
    </ClInclude>
    <ClInclude Include="src\StdAfx.h">
      <Filter>Header Files</Filter>
    </ClInclude>
    <ClInclude Include="include\vphysics_interfaceV32.h">
      <Filter>Header Files\public</Filter>
    </ClInclude>
    <ClInclude Include="src\Physics.h">
      <Filter>Header Files</Filter>
    </ClInclude>
    <ClInclude Include="src\Physics_Collision.h">
      <Filter>Header Files</Filter>
    </ClInclude>
    <ClInclude Include="src\Physics_CollisionSet.h">
      <Filter>Header Files</Filter>
    </ClInclude>
    <ClInclude Include="src\Physics_Constraint.h">
      <Filter>Header Files</Filter>
    </ClInclude>
    <ClInclude Include="src\Physics_DragController.h">
      <Filter>Header Files</Filter>
    </ClInclude>
    <ClInclude Include="src\Physics_Environment.h">
      <Filter>Header Files</Filter>
    </ClInclude>
    <ClInclude Include="src\Physics_FluidController.h">
      <Filter>Header Files</Filter>
    </ClInclude>
    <ClInclude Include="src\Physics_FrictionSnapshot.h">
      <Filter>Header Files</Filter>
    </ClInclude>
    <ClInclude Include="src\Physics_KeyParser.h">
      <Filter>Header Files</Filter>
    </ClInclude>
    <ClInclude Include="src\Physics_MotionController.h">
      <Filter>Header Files</Filter>
    </ClInclude>
    <ClInclude Include="src\Physics_Object.h">
      <Filter>Header Files</Filter>
    </ClInclude>
    <ClInclude Include="src\Physics_ObjectPairHash.h">
      <Filter>Header Files</Filter>
    </ClInclude>
    <ClInclude Include="src\Physics_SurfaceProps.h">
      <Filter>Header Files</Filter>
    </ClInclude>
    <ClInclude Include="src\Physics_VehicleController.h">
      <Filter>Header Files</Filter>
    </ClInclude>
    <ClInclude Include="src\Physics_PlayerController.h">
      <Filter>Header Files</Filter>
    </ClInclude>
    <ClInclude Include="src\Physics_ShadowController.h">
      <Filter>Header Files</Filter>
    </ClInclude>
    <ClInclude Include="src\DebugDrawer.h">
      <Filter>Header Files</Filter>
    </ClInclude>
    <ClInclude Include="src\phydata.h">
      <Filter>Header Files</Filter>
    </ClInclude>
    <ClInclude Include="include\vphysics\vehiclesV32.h">
      <Filter>Header Files\public</Filter>
    </ClInclude>
    <ClInclude Include="src\resource.h">
      <Filter>Header Files</Filter>
    </ClInclude>
    <ClInclude Include="src\Physics_SoftBody.h">
      <Filter>Header Files</Filter>
    </ClInclude>
  </ItemGroup>
  <ItemGroup>
    <Text Include="todo.txt" />
  </ItemGroup>
  <ItemGroup>
    <ResourceCompile Include="src\vphysics.rc" />
  </ItemGroup>
</Project>