Microsoft Visual Studio Solution File, Format Version 12.00
# Visual Studio 2012
Project("{8BC9CEB8-8B4A-11D0-8D11-00A0C91BC942}") = "vphysics", "vphysics.vcxproj", "{D14B5456-0069-453D-A86A-D5B4CB35C6DD}"
	ProjectSection(ProjectDependencies) = postProject
		{8D05EC3F-BFD7-4288-B2D0-44C5C71A1A0E} = {8D05EC3F-BFD7-4288-B2D0-44C5C71A1A0E}
		{5A46389C-19BC-48B6-B94E-388FEB765DA7} = {5A46389C-19BC-48B6-B94E-388FEB765DA7}
		{686CD8BA-2E72-4ED1-AE19-6F72F85DCA0B} = {686CD8BA-2E72-4ED1-AE19-6F72F85DCA0B}
		{2EB230C3-D082-4F16-98B0-262F12F95574} = {2EB230C3-D082-4F16-98B0-262F12F95574}
		{F60B05DE-500C-42EB-8A96-652339877072} = {F60B05DE-500C-42EB-8A96-652339877072}
	EndProjectSection
EndProject
Project("{8BC9CEB8-8B4A-11D0-8D11-00A0C91BC942}") = "GMVPhy", "GMVPhy\GMVPhy.vcxproj", "{35C8DCEE-2058-454D-8F30-1B2901127BD6}"
EndProject
Project("{2150E333-8FDC-42A3-9474-1A3956D46DE8}") = "Bullet", "Bullet", "{3112246C-4D66-4B81-9895-68B6868C8F9D}"
EndProject
Project("{2150E333-8FDC-42A3-9474-1A3956D46DE8}") = "Misc.", "Misc.", "{32E0CF7F-2A46-4442-ABCE-D4D6463252DE}"
EndProject
Project("{8BC9CEB8-8B4A-11D0-8D11-00A0C91BC942}") = "BulletCollision", "bullet\msvc\BulletCollision\BulletCollision.vcxproj", "{2EB230C3-D082-4F16-98B0-262F12F95574}"
EndProject
Project("{8BC9CEB8-8B4A-11D0-8D11-00A0C91BC942}") = "BulletDynamics", "bullet\msvc\BulletDynamics\BulletDynamics.vcxproj", "{686CD8BA-2E72-4ED1-AE19-6F72F85DCA0B}"
EndProject
Project("{8BC9CEB8-8B4A-11D0-8D11-00A0C91BC942}") = "BulletMultiThreaded", "bullet\msvc\BulletMultiThreaded\BulletMultiThreaded.vcxproj", "{5A46389C-19BC-48B6-B94E-388FEB765DA7}"
EndProject
Project("{8BC9CEB8-8B4A-11D0-8D11-00A0C91BC942}") = "LinearMath", "bullet\msvc\LinearMath\LinearMath.vcxproj", "{F60B05DE-500C-42EB-8A96-652339877072}"
EndProject
Project("{8BC9CEB8-8B4A-11D0-8D11-00A0C91BC942}") = "BulletSoftBody", "bullet\msvc\BulletSoftBody\BulletSoftBody.vcxproj", "{8D05EC3F-BFD7-4288-B2D0-44C5C71A1A0E}"
EndProject
Global
	GlobalSection(SolutionConfigurationPlatforms) = preSolution
		Debug|Win32 = Debug|Win32
		Release|Win32 = Release|Win32
	EndGlobalSection
	GlobalSection(ProjectConfigurationPlatforms) = postSolution
		{D14B5456-0069-453D-A86A-D5B4CB35C6DD}.Debug|Win32.ActiveCfg = Debug|Win32
		{D14B5456-0069-453D-A86A-D5B4CB35C6DD}.Debug|Win32.Build.0 = Debug|Win32
		{D14B5456-0069-453D-A86A-D5B4CB35C6DD}.Release|Win32.ActiveCfg = Release|Win32
		{D14B5456-0069-453D-A86A-D5B4CB35C6DD}.Release|Win32.Build.0 = Release|Win32
		{35C8DCEE-2058-454D-8F30-1B2901127BD6}.Debug|Win32.ActiveCfg = Debug|Win32
		{35C8DCEE-2058-454D-8F30-1B2901127BD6}.Debug|Win32.Build.0 = Debug|Win32
		{35C8DCEE-2058-454D-8F30-1B2901127BD6}.Release|Win32.ActiveCfg = Release|Win32
		{35C8DCEE-2058-454D-8F30-1B2901127BD6}.Release|Win32.Build.0 = Release|Win32
		{2EB230C3-D082-4F16-98B0-262F12F95574}.Debug|Win32.ActiveCfg = Debug|Win32
		{2EB230C3-D082-4F16-98B0-262F12F95574}.Debug|Win32.Build.0 = Debug|Win32
		{2EB230C3-D082-4F16-98B0-262F12F95574}.Release|Win32.ActiveCfg = Release|Win32
		{2EB230C3-D082-4F16-98B0-262F12F95574}.Release|Win32.Build.0 = Release|Win32
		{686CD8BA-2E72-4ED1-AE19-6F72F85DCA0B}.Debug|Win32.ActiveCfg = Debug|Win32
		{686CD8BA-2E72-4ED1-AE19-6F72F85DCA0B}.Debug|Win32.Build.0 = Debug|Win32
		{686CD8BA-2E72-4ED1-AE19-6F72F85DCA0B}.Release|Win32.ActiveCfg = Release|Win32
		{686CD8BA-2E72-4ED1-AE19-6F72F85DCA0B}.Release|Win32.Build.0 = Release|Win32
		{5A46389C-19BC-48B6-B94E-388FEB765DA7}.Debug|Win32.ActiveCfg = Debug|Win32
		{5A46389C-19BC-48B6-B94E-388FEB765DA7}.Debug|Win32.Build.0 = Debug|Win32
		{5A46389C-19BC-48B6-B94E-388FEB765DA7}.Release|Win32.ActiveCfg = Release|Win32
		{5A46389C-19BC-48B6-B94E-388FEB765DA7}.Release|Win32.Build.0 = Release|Win32
		{F60B05DE-500C-42EB-8A96-652339877072}.Debug|Win32.ActiveCfg = Debug|Win32
		{F60B05DE-500C-42EB-8A96-652339877072}.Debug|Win32.Build.0 = Debug|Win32
		{F60B05DE-500C-42EB-8A96-652339877072}.Release|Win32.ActiveCfg = Release|Win32
		{F60B05DE-500C-42EB-8A96-652339877072}.Release|Win32.Build.0 = Release|Win32
		{8D05EC3F-BFD7-4288-B2D0-44C5C71A1A0E}.Debug|Win32.ActiveCfg = Debug|Win32
		{8D05EC3F-BFD7-4288-B2D0-44C5C71A1A0E}.Debug|Win32.Build.0 = Debug|Win32
		{8D05EC3F-BFD7-4288-B2D0-44C5C71A1A0E}.Release|Win32.ActiveCfg = Release|Win32
		{8D05EC3F-BFD7-4288-B2D0-44C5C71A1A0E}.Release|Win32.Build.0 = Release|Win32
	EndGlobalSection
	GlobalSection(SolutionProperties) = preSolution
		HideSolutionNode = FALSE
	EndGlobalSection
	GlobalSection(NestedProjects) = preSolution
		{35C8DCEE-2058-454D-8F30-1B2901127BD6} = {32E0CF7F-2A46-4442-ABCE-D4D6463252DE}
		{2EB230C3-D082-4F16-98B0-262F12F95574} = {3112246C-4D66-4B81-9895-68B6868C8F9D}
		{686CD8BA-2E72-4ED1-AE19-6F72F85DCA0B} = {3112246C-4D66-4B81-9895-68B6868C8F9D}
		{5A46389C-19BC-48B6-B94E-388FEB765DA7} = {3112246C-4D66-4B81-9895-68B6868C8F9D}
		{F60B05DE-500C-42EB-8A96-652339877072} = {3112246C-4D66-4B81-9895-68B6868C8F9D}
		{8D05EC3F-BFD7-4288-B2D0-44C5C71A1A0E} = {3112246C-4D66-4B81-9895-68B6868C8F9D}
	EndGlobalSection
EndGlobal
